// !$*UTF8*$!
{
	archiveVersion = 1;
	classes = {
	};
	objectVersion = 46;
	objects = {

/* Begin PBXBuildFile section */
		096D5D861E667B8100398504 /* AppDelegate.swift in Sources */ = {isa = PBXBuildFile; fileRef = 096D5D851E667B8100398504 /* AppDelegate.swift */; };
		096D5D881E667B8100398504 /* ViewController.swift in Sources */ = {isa = PBXBuildFile; fileRef = 096D5D871E667B8100398504 /* ViewController.swift */; };
		096D5D8B1E667B8100398504 /* Main.storyboard in Resources */ = {isa = PBXBuildFile; fileRef = 096D5D891E667B8100398504 /* Main.storyboard */; };
		096D5D8E1E667B8100398504 /* medical.xcdatamodeld in Sources */ = {isa = PBXBuildFile; fileRef = 096D5D8C1E667B8100398504 /* medical.xcdatamodeld */; };
		096D5D901E667B8100398504 /* Assets.xcassets in Resources */ = {isa = PBXBuildFile; fileRef = 096D5D8F1E667B8100398504 /* Assets.xcassets */; };
		096D5D931E667B8100398504 /* LaunchScreen.storyboard in Resources */ = {isa = PBXBuildFile; fileRef = 096D5D911E667B8100398504 /* LaunchScreen.storyboard */; };
/* End PBXBuildFile section */

/* Begin PBXFileReference section */
		096D5D821E667B8100398504 /* medical.app */ = {isa = PBXFileReference; explicitFileType = wrapper.application; includeInIndex = 0; path = medical.app; sourceTree = BUILT_PRODUCTS_DIR; };
		096D5D851E667B8100398504 /* AppDelegate.swift */ = {isa = PBXFileReference; lastKnownFileType = sourcecode.swift; path = AppDelegate.swift; sourceTree = "<group>"; };
		096D5D871E667B8100398504 /* ViewController.swift */ = {isa = PBXFileReference; lastKnownFileType = sourcecode.swift; path = ViewController.swift; sourceTree = "<group>"; };
		096D5D8A1E667B8100398504 /* Base */ = {isa = PBXFileReference; lastKnownFileType = file.storyboard; name = Base; path = Base.lproj/Main.storyboard; sourceTree = "<group>"; };
		096D5D8D1E667B8100398504 /* medical.xcdatamodel */ = {isa = PBXFileReference; lastKnownFileType = wrapper.xcdatamodel; path = medical.xcdatamodel; sourceTree = "<group>"; };
		096D5D8F1E667B8100398504 /* Assets.xcassets */ = {isa = PBXFileReference; lastKnownFileType = folder.assetcatalog; path = Assets.xcassets; sourceTree = "<group>"; };
		096D5D921E667B8100398504 /* Base */ = {isa = PBXFileReference; lastKnownFileType = file.storyboard; name = Base; path = Base.lproj/LaunchScreen.storyboard; sourceTree = "<group>"; };
		096D5D941E667B8100398504 /* Info.plist */ = {isa = PBXFileReference; lastKnownFileType = text.plist.xml; path = Info.plist; sourceTree = "<group>"; };
/* End PBXFileReference section */

/* Begin PBXFrameworksBuildPhase section */
		096D5D7F1E667B8100398504 /* Frameworks */ = {
			isa = PBXFrameworksBuildPhase;
			buildActionMask = 2147483647;
			files = (
			);
			runOnlyForDeploymentPostprocessing = 0;
		};
/* End PBXFrameworksBuildPhase section */

/* Begin PBXGroup section */
		096D5D791E667B8100398504 = {
			isa = PBXGroup;
			children = (
				096D5D841E667B8100398504 /* medical */,
				096D5D831E667B8100398504 /* Products */,
			);
			sourceTree = "<group>";
		};
		096D5D831E667B8100398504 /* Products */ = {
			isa = PBXGroup;
			children = (
				096D5D821E667B8100398504 /* medical.app */,
			);
			name = Products;
			sourceTree = "<group>";
		};
		096D5D841E667B8100398504 /* medical */ = {
			isa = PBXGroup;
			children = (
				096D5D851E667B8100398504 /* AppDelegate.swift */,
				096D5D871E667B8100398504 /* ViewController.swift */,
				096D5D891E667B8100398504 /* Main.storyboard */,
				096D5D8F1E667B8100398504 /* Assets.xcassets */,
				096D5D911E667B8100398504 /* LaunchScreen.storyboard */,
				096D5D941E667B8100398504 /* Info.plist */,
				096D5D8C1E667B8100398504 /* medical.xcdatamodeld */,
			);
			path = medical;
			sourceTree = "<group>";
		};
/* End PBXGroup section */

/* Begin PBXNativeTarget section */
		096D5D811E667B8100398504 /* medical */ = {
			isa = PBXNativeTarget;
			buildConfigurationList = 096D5D971E667B8100398504 /* Build configuration list for PBXNativeTarget "medical" */;
			buildPhases = (
				096D5D7E1E667B8100398504 /* Sources */,
				096D5D7F1E667B8100398504 /* Frameworks */,
				096D5D801E667B8100398504 /* Resources */,
			);
			buildRules = (
			);
			dependencies = (
			);
			name = medical;
			productName = medical;
			productReference = 096D5D821E667B8100398504 /* medical.app */;
			productType = "com.apple.product-type.application";
		};
/* End PBXNativeTarget section */

/* Begin PBXProject section */
		096D5D7A1E667B8100398504 /* Project object */ = {
			isa = PBXProject;
			attributes = {
				LastSwiftUpdateCheck = 0820;
				LastUpgradeCheck = 0820;
				ORGANIZATIONNAME = "Luay Suarna";
				TargetAttributes = {
					096D5D811E667B8100398504 = {
						CreatedOnToolsVersion = 8.2.1;
						ProvisioningStyle = Automatic;
					};
				};
			};
			buildConfigurationList = 096D5D7D1E667B8100398504 /* Build configuration list for PBXProject "medical" */;
			compatibilityVersion = "Xcode 3.2";
			developmentRegion = English;
			hasScannedForEncodings = 0;
			knownRegions = (
				en,
				Base,
			);
			mainGroup = 096D5D791E667B8100398504;
			productRefGroup = 096D5D831E667B8100398504 /* Products */;
			projectDirPath = "";
			projectRoot = "";
			targets = (
				096D5D811E667B8100398504 /* medical */,
			);
		};
/* End PBXProject section */

/* Begin PBXResourcesBuildPhase section */
		096D5D801E667B8100398504 /* Resources */ = {
			isa = PBXResourcesBuildPhase;
			buildActionMask = 2147483647;
			files = (
				096D5D931E667B8100398504 /* LaunchScreen.storyboard in Resources */,
				096D5D901E667B8100398504 /* Assets.xcassets in Resources */,
				096D5D8B1E667B8100398504 /* Main.storyboard in Resources */,
			);
			runOnlyForDeploymentPostprocessing = 0;
		};
/* End PBXResourcesBuildPhase section */

/* Begin PBXSourcesBuildPhase section */
		096D5D7E1E667B8100398504 /* Sources */ = {
			isa = PBXSourcesBuildPhase;
			buildActionMask = 2147483647;
			files = (
				096D5D8E1E667B8100398504 /* medical.xcdatamodeld in Sources */,
				096D5D881E667B8100398504 /* ViewController.swift in Sources */,
				096D5D861E667B8100398504 /* AppDelegate.swift in Sources */,
			);
			runOnlyForDeploymentPostprocessing = 0;
		};
/* End PBXSourcesBuildPhase section */

/* Begin PBXVariantGroup section */
		096D5D891E667B8100398504 /* Main.storyboard */ = {
			isa = PBXVariantGroup;
			children = (
				096D5D8A1E667B8100398504 /* Base */,
			);
			name = Main.storyboard;
			sourceTree = "<group>";
		};
		096D5D911E667B8100398504 /* LaunchScreen.storyboard */ = {
			isa = PBXVariantGroup;
			children = (
				096D5D921E667B8100398504 /* Base */,
			);
			name = LaunchScreen.storyboard;
			sourceTree = "<group>";
		};
/* End PBXVariantGroup section */

/* Begin XCBuildConfiguration section */
		096D5D951E667B8100398504 /* Debug */ = {
			isa = XCBuildConfiguration;
			buildSettings = {
				ALWAYS_SEARCH_USER_PATHS = NO;
				CLANG_ANALYZER_NONNULL = YES;
				CLANG_CXX_LANGUAGE_STANDARD = "gnu++0x";
				CLANG_CXX_LIBRARY = "libc++";
				CLANG_ENABLE_MODULES = YES;
				CLANG_ENABLE_OBJC_ARC = YES;
				CLANG_WARN_BOOL_CONVERSION = YES;
				CLANG_WARN_CONSTANT_CONVERSION = YES;
				CLANG_WARN_DIRECT_OBJC_ISA_USAGE = YES_ERROR;
				CLANG_WARN_DOCUMENTATION_COMMENTS = YES;
				CLANG_WARN_EMPTY_BODY = YES;
				CLANG_WARN_ENUM_CONVERSION = YES;
				CLANG_WARN_INFINITE_RECURSION = YES;
				CLANG_WARN_INT_CONVERSION = YES;
				CLANG_WARN_OBJC_ROOT_CLASS = YES_ERROR;
				CLANG_WARN_SUSPICIOUS_MOVE = YES;
				CLANG_WARN_UNREACHABLE_CODE = YES;
				CLANG_WARN__DUPLICATE_METHOD_MATCH = YES;
				"CODE_SIGN_IDENTITY[sdk=iphoneos*]" = "iPhone Developer";
				COPY_PHASE_STRIP = NO;
				DEBUG_INFORMATION_FORMAT = dwarf;
				ENABLE_STRICT_OBJC_MSGSEND = YES;
				ENABLE_TESTABILITY = YES;
				GCC_C_LANGUAGE_STANDARD = gnu99;
				GCC_DYNAMIC_NO_PIC = NO;
				GCC_NO_COMMON_BLOCKS = YES;
				GCC_OPTIMIZATION_LEVEL = 0;
				GCC_PREPROCESSOR_DEFINITIONS = (
					"DEBUG=1",
					"$(inherited)",
				);
				GCC_WARN_64_TO_32_BIT_CONVERSION = YES;
				GCC_WARN_ABOUT_RETURN_TYPE = YES_ERROR;
				GCC_WARN_UNDECLARED_SELECTOR = YES;
				GCC_WARN_UNINITIALIZED_AUTOS = YES_AGGRESSIVE;
				GCC_WARN_UNUSED_FUNCTION = YES;
				GCC_WARN_UNUSED_VARIABLE = YES;
				IPHONEOS_DEPLOYMENT_TARGET = 10.2;
				MTL_ENABLE_DEBUG_INFO = YES;
				ONLY_ACTIVE_ARCH = YES;
				SDKROOT = iphoneos;
				SWIFT_ACTIVE_COMPILATION_CONDITIONS = DEBUG;
				SWIFT_OPTIMIZATION_LEVEL = "-Onone";
			};
			name = Debug;
		};
		096D5D961E667B8100398504 /* Release */ = {
			isa = XCBuildConfiguration;
			buildSettings = {
				ALWAYS_SEARCH_USER_PATHS = NO;
				CLANG_ANALYZER_NONNULL = YES;
				CLANG_CXX_LANGUAGE_STANDARD = "gnu++0x";
				CLANG_CXX_LIBRARY = "libc++";
				CLANG_ENABLE_MODULES = YES;
				CLANG_ENABLE_OBJC_ARC = YES;
				CLANG_WARN_BOOL_CONVERSION = YES;
				CLANG_WARN_CONSTANT_CONVERSION = YES;
				CLANG_WARN_DIRECT_OBJC_ISA_USAGE = YES_ERROR;
				CLANG_WARN_DOCUMENTATION_COMMENTS = YES;
				CLANG_WARN_EMPTY_BODY = YES;
				CLANG_WARN_ENUM_CONVERSION = YES;
				CLANG_WARN_INFINITE_RECURSION = YES;
				CLANG_WARN_INT_CONVERSION = YES;
				CLANG_WARN_OBJC_ROOT_CLASS = YES_ERROR;
				CLANG_WARN_SUSPICIOUS_MOVE = YES;
				CLANG_WARN_UNREACHABLE_CODE = YES;
				CLANG_WARN__DUPLICATE_METHOD_MATCH = YES;
				"CODE_SIGN_IDENTITY[sdk=iphoneos*]" = "iPhone Developer";
				COPY_PHASE_STRIP = NO;
				DEBUG_INFORMATION_FORMAT = "dwarf-with-dsym";
				ENABLE_NS_ASSERTIONS = NO;
				ENABLE_STRICT_OBJC_MSGSEND = YES;
				GCC_C_LANGUAGE_STANDARD = gnu99;
				GCC_NO_COMMON_BLOCKS = YES;
				GCC_WARN_64_TO_32_BIT_CONVERSION = YES;
				GCC_WARN_ABOUT_RETURN_TYPE = YES_ERROR;
				GCC_WARN_UNDECLARED_SELECTOR = YES;
				GCC_WARN_UNINITIALIZED_AUTOS = YES_AGGRESSIVE;
				GCC_WARN_UNUSED_FUNCTION = YES;
				GCC_WARN_UNUSED_VARIABLE = YES;
				IPHONEOS_DEPLOYMENT_TARGET = 10.2;
				MTL_ENABLE_DEBUG_INFO = NO;
				SDKROOT = iphoneos;
				SWIFT_OPTIMIZATION_LEVEL = "-Owholemodule";
				VALIDATE_PRODUCT = YES;
			};
			name = Release;
		};
		096D5D981E667B8100398504 /* Debug */ = {
			isa = XCBuildConfiguration;
			buildSettings = {
				ASSETCATALOG_COMPILER_APPICON_NAME = AppIcon;
				INFOPLIST_FILE = medical/Info.plist;
				LD_RUNPATH_SEARCH_PATHS = "$(inherited) @executable_path/Frameworks";
				PRODUCT_BUNDLE_IDENTIFIER = luay.mitrais.medical;
				PRODUCT_NAME = "$(TARGET_NAME)";
				SWIFT_VERSION = 3.0;
			};
			name = Debug;
		};
		096D5D991E667B8100398504 /* Release */ = {
			isa = XCBuildConfiguration;
			buildSettings = {
				ASSETCATALOG_COMPILER_APPICON_NAME = AppIcon;
				INFOPLIST_FILE = medical/Info.plist;
				LD_RUNPATH_SEARCH_PATHS = "$(inherited) @executable_path/Frameworks";
				PRODUCT_BUNDLE_IDENTIFIER = luay.mitrais.medical;
				PRODUCT_NAME = "$(TARGET_NAME)";
				SWIFT_VERSION = 3.0;
			};
			name = Release;
		};
/* End XCBuildConfiguration section */

/* Begin XCConfigurationList section */
		096D5D7D1E667B8100398504 /* Build configuration list for PBXProject "medical" */ = {
			isa = XCConfigurationList;
			buildConfigurations = (
				096D5D951E667B8100398504 /* Debug */,
				096D5D961E667B8100398504 /* Release */,
			);
			defaultConfigurationIsVisible = 0;
			defaultConfigurationName = Release;
		};
		096D5D971E667B8100398504 /* Build configuration list for PBXNativeTarget "medical" */ = {
			isa = XCConfigurationList;
			buildConfigurations = (
				096D5D981E667B8100398504 /* Debug */,
				096D5D991E667B8100398504 /* Release */,
			);
			defaultConfigurationIsVisible = 0;
		};
/* End XCConfigurationList section */

/* Begin XCVersionGroup section */
		096D5D8C1E667B8100398504 /* medical.xcdatamodeld */ = {
			isa = XCVersionGroup;
			children = (
				096D5D8D1E667B8100398504 /* medical.xcdatamodel */,
			);
			currentVersion = 096D5D8D1E667B8100398504 /* medical.xcdatamodel */;
			path = medical.xcdatamodeld;
			sourceTree = "<group>";
			versionGroupType = wrapper.xcdatamodel;
		};
/* End XCVersionGroup section */
	};
	rootObject = 096D5D7A1E667B8100398504 /* Project object */;
}
