// !$*UTF8*$!
{
	archiveVersion = 1;
	classes = {
	};
	objectVersion = 46;
	objects = {

/* Begin PBXBuildFile section */
		0915B8F21EAF24570075D0EC /* Designable.swift in Sources */ = {isa = PBXBuildFile; fileRef = 0915B8F11EAF24570075D0EC /* Designable.swift */; };
		092913771E6FDD84001D2E53 /* NewAppointmentController.swift in Sources */ = {isa = PBXBuildFile; fileRef = 092913761E6FDD84001D2E53 /* NewAppointmentController.swift */; };
		092AE0EA1E6E4CB500B8DF13 /* AppointmentController.swift in Sources */ = {isa = PBXBuildFile; fileRef = 092AE0E91E6E4CB400B8DF13 /* AppointmentController.swift */; };
		092FC52C1E791E7E004BCFF7 /* SelectedAppointmentCell.swift in Sources */ = {isa = PBXBuildFile; fileRef = 092FC52B1E791E7E004BCFF7 /* SelectedAppointmentCell.swift */; };
		093AE1A31E7241DF009A4D32 /* AppointmentModel.swift in Sources */ = {isa = PBXBuildFile; fileRef = 093AE1A21E7241DF009A4D32 /* AppointmentModel.swift */; };
		093AE1A51E724223009A4D32 /* BackendError.swift in Sources */ = {isa = PBXBuildFile; fileRef = 093AE1A41E724223009A4D32 /* BackendError.swift */; };
		093AE1A71E725636009A4D32 /* AppointmentRoute.swift in Sources */ = {isa = PBXBuildFile; fileRef = 093AE1A61E725636009A4D32 /* AppointmentRoute.swift */; };
		093DBFFF1E9620F100D3AF72 /* CashierCell.swift in Sources */ = {isa = PBXBuildFile; fileRef = 093DBFFE1E9620F100D3AF72 /* CashierCell.swift */; };
		096D5D861E667B8100398504 /* AppDelegate.swift in Sources */ = {isa = PBXBuildFile; fileRef = 096D5D851E667B8100398504 /* AppDelegate.swift */; };
		096D5D881E667B8100398504 /* SessionsController.swift in Sources */ = {isa = PBXBuildFile; fileRef = 096D5D871E667B8100398504 /* SessionsController.swift */; };
		096D5D8B1E667B8100398504 /* Main.storyboard in Resources */ = {isa = PBXBuildFile; fileRef = 096D5D891E667B8100398504 /* Main.storyboard */; };
		096D5D8E1E667B8100398504 /* medical.xcdatamodeld in Sources */ = {isa = PBXBuildFile; fileRef = 096D5D8C1E667B8100398504 /* medical.xcdatamodeld */; };
		096D5D901E667B8100398504 /* Assets.xcassets in Resources */ = {isa = PBXBuildFile; fileRef = 096D5D8F1E667B8100398504 /* Assets.xcassets */; };
		096D5D931E667B8100398504 /* LaunchScreen.storyboard in Resources */ = {isa = PBXBuildFile; fileRef = 096D5D911E667B8100398504 /* LaunchScreen.storyboard */; };
		0971FD671E6D09C800816D95 /* WelcomeController.swift in Sources */ = {isa = PBXBuildFile; fileRef = 0971FD661E6D09C800816D95 /* WelcomeController.swift */; };
		0971FD6C1E6D37D000816D95 /* MenuController.swift in Sources */ = {isa = PBXBuildFile; fileRef = 0971FD6B1E6D37D000816D95 /* MenuController.swift */; };
		0971FD701E6D407900816D95 /* BaseViewController.swift in Sources */ = {isa = PBXBuildFile; fileRef = 0971FD6F1E6D407900816D95 /* BaseViewController.swift */; };
		09803F071E84BD3100155136 /* PurchaseController.swift in Sources */ = {isa = PBXBuildFile; fileRef = 09803F061E84BD3100155136 /* PurchaseController.swift */; };
		09803F091E84C4BA00155136 /* PurchaseCell.swift in Sources */ = {isa = PBXBuildFile; fileRef = 09803F081E84C4BA00155136 /* PurchaseCell.swift */; };
		09803F0B1E84C8A300155136 /* PurchaseRoute.swift in Sources */ = {isa = PBXBuildFile; fileRef = 09803F0A1E84C8A300155136 /* PurchaseRoute.swift */; };
		09803F0D1E84CA5900155136 /* PurchaseModel.swift in Sources */ = {isa = PBXBuildFile; fileRef = 09803F0C1E84CA5900155136 /* PurchaseModel.swift */; };
		09803F0F1E84F34000155136 /* PurchaseItemModel.swift in Sources */ = {isa = PBXBuildFile; fileRef = 09803F0E1E84F34000155136 /* PurchaseItemModel.swift */; };
		09803F111E84F92500155136 /* UnitModel.swift in Sources */ = {isa = PBXBuildFile; fileRef = 09803F101E84F92500155136 /* UnitModel.swift */; };
		0985FB5D1E67CF6100E45BF9 /* SessionRoute.swift in Sources */ = {isa = PBXBuildFile; fileRef = 0985FB5C1E67CF6100E45BF9 /* SessionRoute.swift */; };
		0985FB5F1E67E7E200E45BF9 /* AlertMessage.swift in Sources */ = {isa = PBXBuildFile; fileRef = 0985FB5E1E67E7E200E45BF9 /* AlertMessage.swift */; };
		0985FB611E67EC7E00E45BF9 /* AppConfig.swift in Sources */ = {isa = PBXBuildFile; fileRef = 0985FB601E67EC7E00E45BF9 /* AppConfig.swift */; };
		0985FB641E6801FC00E45BF9 /* SessionModel.swift in Sources */ = {isa = PBXBuildFile; fileRef = 0985FB631E6801FC00E45BF9 /* SessionModel.swift */; };
		0987303F1E97290E0075C709 /* SearchMedicineController.swift in Sources */ = {isa = PBXBuildFile; fileRef = 0987303E1E97290E0075C709 /* SearchMedicineController.swift */; };
		098730411E972C8A0075C709 /* SearchMedicineCell.swift in Sources */ = {isa = PBXBuildFile; fileRef = 098730401E972C890075C709 /* SearchMedicineCell.swift */; };
		0991AB6C1E8C9C8000A1D3D9 /* DateFormatter.swift in Sources */ = {isa = PBXBuildFile; fileRef = 0991AB6B1E8C9C8000A1D3D9 /* DateFormatter.swift */; };
		09927A061E8CDCC500CA5459 /* PurchaseDetailsController.swift in Sources */ = {isa = PBXBuildFile; fileRef = 09927A051E8CDCC500CA5459 /* PurchaseDetailsController.swift */; };
		09927A081E8CEBF000CA5459 /* PurchaseItemCell.swift in Sources */ = {isa = PBXBuildFile; fileRef = 09927A071E8CEBF000CA5459 /* PurchaseItemCell.swift */; };
		09A3F0891E76375100C82EAC /* AppointmentCell.swift in Sources */ = {isa = PBXBuildFile; fileRef = 09A3F0881E76375100C82EAC /* AppointmentCell.swift */; };
		09A3F08B1E763A1A00C82EAC /* PatientModel.swift in Sources */ = {isa = PBXBuildFile; fileRef = 09A3F08A1E763A1A00C82EAC /* PatientModel.swift */; };
		09A3F08D1E7674BD00C82EAC /* Utils.swift in Sources */ = {isa = PBXBuildFile; fileRef = 09A3F08C1E7674BD00C82EAC /* Utils.swift */; };
		09AAB0FD1E839BE7001B9F87 /* MedicineRoute.swift in Sources */ = {isa = PBXBuildFile; fileRef = 09AAB0FC1E839BE7001B9F87 /* MedicineRoute.swift */; };
		09AAB0FF1E839E34001B9F87 /* MedicineModel.swift in Sources */ = {isa = PBXBuildFile; fileRef = 09AAB0FE1E839E34001B9F87 /* MedicineModel.swift */; };
		09C71A211E71251F00173E87 /* DoctorModel.swift in Sources */ = {isa = PBXBuildFile; fileRef = 09C71A201E71251F00173E87 /* DoctorModel.swift */; };
		09C71A231E712F1E00173E87 /* PersonModel.swift in Sources */ = {isa = PBXBuildFile; fileRef = 09C71A221E712F1D00173E87 /* PersonModel.swift */; };
		09C71A251E7130A900173E87 /* DoctorRoute.swift in Sources */ = {isa = PBXBuildFile; fileRef = 09C71A241E7130A900173E87 /* DoctorRoute.swift */; };
		09C71A271E7143C100173E87 /* UserModel.swift in Sources */ = {isa = PBXBuildFile; fileRef = 09C71A261E7143C100173E87 /* UserModel.swift */; };
		09E97CE51E8E0A0300C36CDF /* CashierController.swift in Sources */ = {isa = PBXBuildFile; fileRef = 09E97CE41E8E0A0300C36CDF /* CashierController.swift */; };
		09F2DCC71EA70CF800F9AF97 /* PurchaseItemRoute.swift in Sources */ = {isa = PBXBuildFile; fileRef = 09F2DCC61EA70CF800F9AF97 /* PurchaseItemRoute.swift */; };
		229CFD99CC3868D52EFFEB98 /* Pods_medical.framework in Frameworks */ = {isa = PBXBuildFile; fileRef = 618BFCA1ADC7D7649E749E95 /* Pods_medical.framework */; };
/* End PBXBuildFile section */

/* Begin PBXFileReference section */
		0915B8F11EAF24570075D0EC /* Designable.swift */ = {isa = PBXFileReference; fileEncoding = 4; lastKnownFileType = sourcecode.swift; path = Designable.swift; sourceTree = "<group>"; };
		092913761E6FDD84001D2E53 /* NewAppointmentController.swift */ = {isa = PBXFileReference; fileEncoding = 4; lastKnownFileType = sourcecode.swift; path = NewAppointmentController.swift; sourceTree = "<group>"; };
		092AE0E91E6E4CB400B8DF13 /* AppointmentController.swift */ = {isa = PBXFileReference; fileEncoding = 4; lastKnownFileType = sourcecode.swift; path = AppointmentController.swift; sourceTree = "<group>"; };
		092FC52B1E791E7E004BCFF7 /* SelectedAppointmentCell.swift */ = {isa = PBXFileReference; fileEncoding = 4; lastKnownFileType = sourcecode.swift; path = SelectedAppointmentCell.swift; sourceTree = "<group>"; };
		093AE1A21E7241DF009A4D32 /* AppointmentModel.swift */ = {isa = PBXFileReference; fileEncoding = 4; lastKnownFileType = sourcecode.swift; path = AppointmentModel.swift; sourceTree = "<group>"; };
		093AE1A41E724223009A4D32 /* BackendError.swift */ = {isa = PBXFileReference; fileEncoding = 4; lastKnownFileType = sourcecode.swift; path = BackendError.swift; sourceTree = "<group>"; };
		093AE1A61E725636009A4D32 /* AppointmentRoute.swift */ = {isa = PBXFileReference; fileEncoding = 4; lastKnownFileType = sourcecode.swift; path = AppointmentRoute.swift; sourceTree = "<group>"; };
		093DBFFE1E9620F100D3AF72 /* CashierCell.swift */ = {isa = PBXFileReference; fileEncoding = 4; lastKnownFileType = sourcecode.swift; path = CashierCell.swift; sourceTree = "<group>"; };
		096D5D821E667B8100398504 /* medical.app */ = {isa = PBXFileReference; explicitFileType = wrapper.application; includeInIndex = 0; path = medical.app; sourceTree = BUILT_PRODUCTS_DIR; };
		096D5D851E667B8100398504 /* AppDelegate.swift */ = {isa = PBXFileReference; lastKnownFileType = sourcecode.swift; path = AppDelegate.swift; sourceTree = "<group>"; };
		096D5D871E667B8100398504 /* SessionsController.swift */ = {isa = PBXFileReference; lastKnownFileType = sourcecode.swift; path = SessionsController.swift; sourceTree = "<group>"; };
		096D5D8A1E667B8100398504 /* Base */ = {isa = PBXFileReference; lastKnownFileType = file.storyboard; name = Base; path = Base.lproj/Main.storyboard; sourceTree = "<group>"; };
		096D5D8D1E667B8100398504 /* medical.xcdatamodel */ = {isa = PBXFileReference; lastKnownFileType = wrapper.xcdatamodel; path = medical.xcdatamodel; sourceTree = "<group>"; };
		096D5D8F1E667B8100398504 /* Assets.xcassets */ = {isa = PBXFileReference; lastKnownFileType = folder.assetcatalog; path = Assets.xcassets; sourceTree = "<group>"; };
		096D5D921E667B8100398504 /* Base */ = {isa = PBXFileReference; lastKnownFileType = file.storyboard; name = Base; path = Base.lproj/LaunchScreen.storyboard; sourceTree = "<group>"; };
		096D5D941E667B8100398504 /* Info.plist */ = {isa = PBXFileReference; lastKnownFileType = text.plist.xml; path = Info.plist; sourceTree = "<group>"; };
		0971FD661E6D09C800816D95 /* WelcomeController.swift */ = {isa = PBXFileReference; fileEncoding = 4; lastKnownFileType = sourcecode.swift; path = WelcomeController.swift; sourceTree = "<group>"; };
		0971FD6B1E6D37D000816D95 /* MenuController.swift */ = {isa = PBXFileReference; fileEncoding = 4; lastKnownFileType = sourcecode.swift; path = MenuController.swift; sourceTree = "<group>"; };
		0971FD6F1E6D407900816D95 /* BaseViewController.swift */ = {isa = PBXFileReference; fileEncoding = 4; lastKnownFileType = sourcecode.swift; path = BaseViewController.swift; sourceTree = "<group>"; };
		09803F061E84BD3100155136 /* PurchaseController.swift */ = {isa = PBXFileReference; fileEncoding = 4; lastKnownFileType = sourcecode.swift; path = PurchaseController.swift; sourceTree = "<group>"; };
		09803F081E84C4BA00155136 /* PurchaseCell.swift */ = {isa = PBXFileReference; fileEncoding = 4; lastKnownFileType = sourcecode.swift; path = PurchaseCell.swift; sourceTree = "<group>"; };
		09803F0A1E84C8A300155136 /* PurchaseRoute.swift */ = {isa = PBXFileReference; fileEncoding = 4; lastKnownFileType = sourcecode.swift; path = PurchaseRoute.swift; sourceTree = "<group>"; };
		09803F0C1E84CA5900155136 /* PurchaseModel.swift */ = {isa = PBXFileReference; fileEncoding = 4; lastKnownFileType = sourcecode.swift; path = PurchaseModel.swift; sourceTree = "<group>"; };
		09803F0E1E84F34000155136 /* PurchaseItemModel.swift */ = {isa = PBXFileReference; fileEncoding = 4; lastKnownFileType = sourcecode.swift; path = PurchaseItemModel.swift; sourceTree = "<group>"; };
		09803F101E84F92500155136 /* UnitModel.swift */ = {isa = PBXFileReference; fileEncoding = 4; lastKnownFileType = sourcecode.swift; path = UnitModel.swift; sourceTree = "<group>"; };
		0985FB5C1E67CF6100E45BF9 /* SessionRoute.swift */ = {isa = PBXFileReference; fileEncoding = 4; lastKnownFileType = sourcecode.swift; path = SessionRoute.swift; sourceTree = "<group>"; };
		0985FB5E1E67E7E200E45BF9 /* AlertMessage.swift */ = {isa = PBXFileReference; fileEncoding = 4; lastKnownFileType = sourcecode.swift; path = AlertMessage.swift; sourceTree = "<group>"; };
		0985FB601E67EC7E00E45BF9 /* AppConfig.swift */ = {isa = PBXFileReference; fileEncoding = 4; lastKnownFileType = sourcecode.swift; path = AppConfig.swift; sourceTree = "<group>"; };
		0985FB631E6801FC00E45BF9 /* SessionModel.swift */ = {isa = PBXFileReference; fileEncoding = 4; lastKnownFileType = sourcecode.swift; path = SessionModel.swift; sourceTree = "<group>"; };
		0987303E1E97290E0075C709 /* SearchMedicineController.swift */ = {isa = PBXFileReference; fileEncoding = 4; lastKnownFileType = sourcecode.swift; path = SearchMedicineController.swift; sourceTree = "<group>"; };
		098730401E972C890075C709 /* SearchMedicineCell.swift */ = {isa = PBXFileReference; fileEncoding = 4; lastKnownFileType = sourcecode.swift; path = SearchMedicineCell.swift; sourceTree = "<group>"; };
		0991AB6B1E8C9C8000A1D3D9 /* DateFormatter.swift */ = {isa = PBXFileReference; fileEncoding = 4; lastKnownFileType = sourcecode.swift; path = DateFormatter.swift; sourceTree = "<group>"; };
		09927A051E8CDCC500CA5459 /* PurchaseDetailsController.swift */ = {isa = PBXFileReference; fileEncoding = 4; lastKnownFileType = sourcecode.swift; path = PurchaseDetailsController.swift; sourceTree = "<group>"; };
		09927A071E8CEBF000CA5459 /* PurchaseItemCell.swift */ = {isa = PBXFileReference; fileEncoding = 4; lastKnownFileType = sourcecode.swift; path = PurchaseItemCell.swift; sourceTree = "<group>"; };
		09A3F0881E76375100C82EAC /* AppointmentCell.swift */ = {isa = PBXFileReference; fileEncoding = 4; lastKnownFileType = sourcecode.swift; path = AppointmentCell.swift; sourceTree = "<group>"; };
		09A3F08A1E763A1A00C82EAC /* PatientModel.swift */ = {isa = PBXFileReference; fileEncoding = 4; lastKnownFileType = sourcecode.swift; path = PatientModel.swift; sourceTree = "<group>"; };
		09A3F08C1E7674BD00C82EAC /* Utils.swift */ = {isa = PBXFileReference; fileEncoding = 4; lastKnownFileType = sourcecode.swift; path = Utils.swift; sourceTree = "<group>"; };
		09AAB0FC1E839BE7001B9F87 /* MedicineRoute.swift */ = {isa = PBXFileReference; fileEncoding = 4; lastKnownFileType = sourcecode.swift; path = MedicineRoute.swift; sourceTree = "<group>"; };
		09AAB0FE1E839E34001B9F87 /* MedicineModel.swift */ = {isa = PBXFileReference; fileEncoding = 4; lastKnownFileType = sourcecode.swift; path = MedicineModel.swift; sourceTree = "<group>"; };
		09C71A201E71251F00173E87 /* DoctorModel.swift */ = {isa = PBXFileReference; fileEncoding = 4; lastKnownFileType = sourcecode.swift; path = DoctorModel.swift; sourceTree = "<group>"; };
		09C71A221E712F1D00173E87 /* PersonModel.swift */ = {isa = PBXFileReference; fileEncoding = 4; lastKnownFileType = sourcecode.swift; path = PersonModel.swift; sourceTree = "<group>"; };
		09C71A241E7130A900173E87 /* DoctorRoute.swift */ = {isa = PBXFileReference; fileEncoding = 4; lastKnownFileType = sourcecode.swift; path = DoctorRoute.swift; sourceTree = "<group>"; };
		09C71A261E7143C100173E87 /* UserModel.swift */ = {isa = PBXFileReference; fileEncoding = 4; lastKnownFileType = sourcecode.swift; path = UserModel.swift; sourceTree = "<group>"; };
		09E97CE41E8E0A0300C36CDF /* CashierController.swift */ = {isa = PBXFileReference; fileEncoding = 4; lastKnownFileType = sourcecode.swift; path = CashierController.swift; sourceTree = "<group>"; };
		09F2DCC61EA70CF800F9AF97 /* PurchaseItemRoute.swift */ = {isa = PBXFileReference; fileEncoding = 4; lastKnownFileType = sourcecode.swift; path = PurchaseItemRoute.swift; sourceTree = "<group>"; };
		618BFCA1ADC7D7649E749E95 /* Pods_medical.framework */ = {isa = PBXFileReference; explicitFileType = wrapper.framework; includeInIndex = 0; path = Pods_medical.framework; sourceTree = BUILT_PRODUCTS_DIR; };
		D9706B9928A964B07B4E1BC1 /* Pods-medical.debug.xcconfig */ = {isa = PBXFileReference; includeInIndex = 1; lastKnownFileType = text.xcconfig; name = "Pods-medical.debug.xcconfig"; path = "Pods/Target Support Files/Pods-medical/Pods-medical.debug.xcconfig"; sourceTree = "<group>"; };
		F9822DDC13E5C3F0F5C36138 /* Pods-medical.release.xcconfig */ = {isa = PBXFileReference; includeInIndex = 1; lastKnownFileType = text.xcconfig; name = "Pods-medical.release.xcconfig"; path = "Pods/Target Support Files/Pods-medical/Pods-medical.release.xcconfig"; sourceTree = "<group>"; };
/* End PBXFileReference section */

/* Begin PBXFrameworksBuildPhase section */
		096D5D7F1E667B8100398504 /* Frameworks */ = {
			isa = PBXFrameworksBuildPhase;
			buildActionMask = 2147483647;
			files = (
				229CFD99CC3868D52EFFEB98 /* Pods_medical.framework in Frameworks */,
			);
			runOnlyForDeploymentPostprocessing = 0;
		};
/* End PBXFrameworksBuildPhase section */

/* Begin PBXGroup section */
		09574BC11E6950920092A0CE /* support_files */ = {
			isa = PBXGroup;
			children = (
				096D5D891E667B8100398504 /* Main.storyboard */,
				096D5D8F1E667B8100398504 /* Assets.xcassets */,
				096D5D911E667B8100398504 /* LaunchScreen.storyboard */,
				096D5D941E667B8100398504 /* Info.plist */,
				096D5D8C1E667B8100398504 /* medical.xcdatamodeld */,
			);
			name = support_files;
			sourceTree = "<group>";
		};
		096D5D791E667B8100398504 = {
			isa = PBXGroup;
			children = (
				096D5D841E667B8100398504 /* medical */,
				096D5D831E667B8100398504 /* Products */,
				4DA776204A08F3C3AB13F1BD /* Pods */,
				F8E87A931D798E07BF6B1862 /* Frameworks */,
			);
			sourceTree = "<group>";
		};
		096D5D831E667B8100398504 /* Products */ = {
			isa = PBXGroup;
			children = (
				096D5D821E667B8100398504 /* medical.app */,
			);
			name = Products;
			sourceTree = "<group>";
		};
		096D5D841E667B8100398504 /* medical */ = {
			isa = PBXGroup;
			children = (
				0991AB6A1E8C9C6800A1D3D9 /* extentions */,
				09574BC11E6950920092A0CE /* support_files */,
				0985FB621E6801E000E45BF9 /* models */,
				0985FB5B1E67CF4B00E45BF9 /* routes */,
				098FEBF31E67C85F0085D15D /* helpers */,
				096D5D9A1E66956500398504 /* controllers */,
				096D5D851E667B8100398504 /* AppDelegate.swift */,
				0985FB601E67EC7E00E45BF9 /* AppConfig.swift */,
			);
			path = medical;
			sourceTree = "<group>";
		};
		096D5D9A1E66956500398504 /* controllers */ = {
			isa = PBXGroup;
			children = (
				09A3F0871E76372900C82EAC /* partials */,
				0971FD711E6D471500816D95 /* MenuController */,
				096D5D871E667B8100398504 /* SessionsController.swift */,
				0971FD661E6D09C800816D95 /* WelcomeController.swift */,
				092AE0E91E6E4CB400B8DF13 /* AppointmentController.swift */,
				092913761E6FDD84001D2E53 /* NewAppointmentController.swift */,
				09803F061E84BD3100155136 /* PurchaseController.swift */,
				09927A051E8CDCC500CA5459 /* PurchaseDetailsController.swift */,
				09E97CE41E8E0A0300C36CDF /* CashierController.swift */,
				0987303E1E97290E0075C709 /* SearchMedicineController.swift */,
			);
			name = controllers;
			sourceTree = "<group>";
		};
		0971FD711E6D471500816D95 /* MenuController */ = {
			isa = PBXGroup;
			children = (
				0971FD6B1E6D37D000816D95 /* MenuController.swift */,
				0971FD6F1E6D407900816D95 /* BaseViewController.swift */,
			);
			name = MenuController;
			sourceTree = "<group>";
		};
		0985FB5B1E67CF4B00E45BF9 /* routes */ = {
			isa = PBXGroup;
			children = (
				0985FB5C1E67CF6100E45BF9 /* SessionRoute.swift */,
				09C71A241E7130A900173E87 /* DoctorRoute.swift */,
				093AE1A61E725636009A4D32 /* AppointmentRoute.swift */,
				09AAB0FC1E839BE7001B9F87 /* MedicineRoute.swift */,
				09803F0A1E84C8A300155136 /* PurchaseRoute.swift */,
				09F2DCC61EA70CF800F9AF97 /* PurchaseItemRoute.swift */,
			);
			name = routes;
			sourceTree = "<group>";
		};
		0985FB621E6801E000E45BF9 /* models */ = {
			isa = PBXGroup;
			children = (
				0985FB631E6801FC00E45BF9 /* SessionModel.swift */,
				09C71A201E71251F00173E87 /* DoctorModel.swift */,
				09C71A221E712F1D00173E87 /* PersonModel.swift */,
				09C71A261E7143C100173E87 /* UserModel.swift */,
				093AE1A21E7241DF009A4D32 /* AppointmentModel.swift */,
				09A3F08A1E763A1A00C82EAC /* PatientModel.swift */,
				09AAB0FE1E839E34001B9F87 /* MedicineModel.swift */,
				09803F0C1E84CA5900155136 /* PurchaseModel.swift */,
				09803F0E1E84F34000155136 /* PurchaseItemModel.swift */,
				09803F101E84F92500155136 /* UnitModel.swift */,
			);
			name = models;
			sourceTree = "<group>";
		};
		098FEBF31E67C85F0085D15D /* helpers */ = {
			isa = PBXGroup;
			children = (
				0985FB5E1E67E7E200E45BF9 /* AlertMessage.swift */,
				093AE1A41E724223009A4D32 /* BackendError.swift */,
				09A3F08C1E7674BD00C82EAC /* Utils.swift */,
			);
			name = helpers;
			sourceTree = "<group>";
		};
		0991AB6A1E8C9C6800A1D3D9 /* extentions */ = {
			isa = PBXGroup;
			children = (
				0991AB6B1E8C9C8000A1D3D9 /* DateFormatter.swift */,
				0915B8F11EAF24570075D0EC /* Designable.swift */,
			);
			name = extentions;
			sourceTree = "<group>";
		};
		09A3F0871E76372900C82EAC /* partials */ = {
			isa = PBXGroup;
			children = (
				09A3F0881E76375100C82EAC /* AppointmentCell.swift */,
				092FC52B1E791E7E004BCFF7 /* SelectedAppointmentCell.swift */,
				09803F081E84C4BA00155136 /* PurchaseCell.swift */,
				09927A071E8CEBF000CA5459 /* PurchaseItemCell.swift */,
				093DBFFE1E9620F100D3AF72 /* CashierCell.swift */,
				098730401E972C890075C709 /* SearchMedicineCell.swift */,
			);
			name = partials;
			sourceTree = "<group>";
		};
		4DA776204A08F3C3AB13F1BD /* Pods */ = {
			isa = PBXGroup;
			children = (
				D9706B9928A964B07B4E1BC1 /* Pods-medical.debug.xcconfig */,
				F9822DDC13E5C3F0F5C36138 /* Pods-medical.release.xcconfig */,
			);
			name = Pods;
			sourceTree = "<group>";
		};
		F8E87A931D798E07BF6B1862 /* Frameworks */ = {
			isa = PBXGroup;
			children = (
				618BFCA1ADC7D7649E749E95 /* Pods_medical.framework */,
			);
			name = Frameworks;
			sourceTree = "<group>";
		};
/* End PBXGroup section */

/* Begin PBXNativeTarget section */
		096D5D811E667B8100398504 /* medical */ = {
			isa = PBXNativeTarget;
			buildConfigurationList = 096D5D971E667B8100398504 /* Build configuration list for PBXNativeTarget "medical" */;
			buildPhases = (
				7F535DE3683CFCB8D1561A72 /* [CP] Check Pods Manifest.lock */,
				096D5D7E1E667B8100398504 /* Sources */,
				096D5D7F1E667B8100398504 /* Frameworks */,
				096D5D801E667B8100398504 /* Resources */,
				B9E6B2F9608C0800898595F5 /* [CP] Embed Pods Frameworks */,
				331FA99C7EE7A58CD9970CB1 /* [CP] Copy Pods Resources */,
			);
			buildRules = (
			);
			dependencies = (
			);
			name = medical;
			productName = medical;
			productReference = 096D5D821E667B8100398504 /* medical.app */;
			productType = "com.apple.product-type.application";
		};
/* End PBXNativeTarget section */

/* Begin PBXProject section */
		096D5D7A1E667B8100398504 /* Project object */ = {
			isa = PBXProject;
			attributes = {
				LastSwiftUpdateCheck = 0820;
				LastUpgradeCheck = 0820;
				ORGANIZATIONNAME = "Luay Suarna";
				TargetAttributes = {
					096D5D811E667B8100398504 = {
						CreatedOnToolsVersion = 8.2.1;
						ProvisioningStyle = Automatic;
					};
				};
			};
			buildConfigurationList = 096D5D7D1E667B8100398504 /* Build configuration list for PBXProject "medical" */;
			compatibilityVersion = "Xcode 3.2";
			developmentRegion = English;
			hasScannedForEncodings = 0;
			knownRegions = (
				en,
				Base,
			);
			mainGroup = 096D5D791E667B8100398504;
			productRefGroup = 096D5D831E667B8100398504 /* Products */;
			projectDirPath = "";
			projectRoot = "";
			targets = (
				096D5D811E667B8100398504 /* medical */,
			);
		};
/* End PBXProject section */

/* Begin PBXResourcesBuildPhase section */
		096D5D801E667B8100398504 /* Resources */ = {
			isa = PBXResourcesBuildPhase;
			buildActionMask = 2147483647;
			files = (
				096D5D931E667B8100398504 /* LaunchScreen.storyboard in Resources */,
				096D5D901E667B8100398504 /* Assets.xcassets in Resources */,
				096D5D8B1E667B8100398504 /* Main.storyboard in Resources */,
			);
			runOnlyForDeploymentPostprocessing = 0;
		};
/* End PBXResourcesBuildPhase section */

/* Begin PBXShellScriptBuildPhase section */
		331FA99C7EE7A58CD9970CB1 /* [CP] Copy Pods Resources */ = {
			isa = PBXShellScriptBuildPhase;
			buildActionMask = 2147483647;
			files = (
			);
			inputPaths = (
			);
			name = "[CP] Copy Pods Resources";
			outputPaths = (
			);
			runOnlyForDeploymentPostprocessing = 0;
			shellPath = /bin/sh;
			shellScript = "\"${SRCROOT}/Pods/Target Support Files/Pods-medical/Pods-medical-resources.sh\"\n";
			showEnvVarsInLog = 0;
		};
		7F535DE3683CFCB8D1561A72 /* [CP] Check Pods Manifest.lock */ = {
			isa = PBXShellScriptBuildPhase;
			buildActionMask = 2147483647;
			files = (
			);
			inputPaths = (
			);
			name = "[CP] Check Pods Manifest.lock";
			outputPaths = (
			);
			runOnlyForDeploymentPostprocessing = 0;
			shellPath = /bin/sh;
			shellScript = "diff \"${PODS_ROOT}/../Podfile.lock\" \"${PODS_ROOT}/Manifest.lock\" > /dev/null\nif [ $? != 0 ] ; then\n    # print error to STDERR\n    echo \"error: The sandbox is not in sync with the Podfile.lock. Run 'pod install' or update your CocoaPods installation.\" >&2\n    exit 1\nfi\n";
			showEnvVarsInLog = 0;
		};
		B9E6B2F9608C0800898595F5 /* [CP] Embed Pods Frameworks */ = {
			isa = PBXShellScriptBuildPhase;
			buildActionMask = 2147483647;
			files = (
			);
			inputPaths = (
			);
			name = "[CP] Embed Pods Frameworks";
			outputPaths = (
			);
			runOnlyForDeploymentPostprocessing = 0;
			shellPath = /bin/sh;
			shellScript = "\"${SRCROOT}/Pods/Target Support Files/Pods-medical/Pods-medical-frameworks.sh\"\n";
			showEnvVarsInLog = 0;
		};
/* End PBXShellScriptBuildPhase section */

/* Begin PBXSourcesBuildPhase section */
		096D5D7E1E667B8100398504 /* Sources */ = {
			isa = PBXSourcesBuildPhase;
			buildActionMask = 2147483647;
			files = (
				0991AB6C1E8C9C8000A1D3D9 /* DateFormatter.swift in Sources */,
				0915B8F21EAF24570075D0EC /* Designable.swift in Sources */,
				09927A081E8CEBF000CA5459 /* PurchaseItemCell.swift in Sources */,
				09C71A211E71251F00173E87 /* DoctorModel.swift in Sources */,
				09F2DCC71EA70CF800F9AF97 /* PurchaseItemRoute.swift in Sources */,
				09A3F08D1E7674BD00C82EAC /* Utils.swift in Sources */,
				09803F111E84F92500155136 /* UnitModel.swift in Sources */,
				0971FD6C1E6D37D000816D95 /* MenuController.swift in Sources */,
				09C71A251E7130A900173E87 /* DoctorRoute.swift in Sources */,
				09E97CE51E8E0A0300C36CDF /* CashierController.swift in Sources */,
				0985FB5D1E67CF6100E45BF9 /* SessionRoute.swift in Sources */,
				0971FD701E6D407900816D95 /* BaseViewController.swift in Sources */,
				093AE1A71E725636009A4D32 /* AppointmentRoute.swift in Sources */,
				0985FB5F1E67E7E200E45BF9 /* AlertMessage.swift in Sources */,
				0971FD671E6D09C800816D95 /* WelcomeController.swift in Sources */,
				092AE0EA1E6E4CB500B8DF13 /* AppointmentController.swift in Sources */,
				092913771E6FDD84001D2E53 /* NewAppointmentController.swift in Sources */,
				09803F091E84C4BA00155136 /* PurchaseCell.swift in Sources */,
				09803F0D1E84CA5900155136 /* PurchaseModel.swift in Sources */,
				09803F0B1E84C8A300155136 /* PurchaseRoute.swift in Sources */,
				09AAB0FD1E839BE7001B9F87 /* MedicineRoute.swift in Sources */,
				09A3F08B1E763A1A00C82EAC /* PatientModel.swift in Sources */,
				093AE1A51E724223009A4D32 /* BackendError.swift in Sources */,
				09927A061E8CDCC500CA5459 /* PurchaseDetailsController.swift in Sources */,
				0987303F1E97290E0075C709 /* SearchMedicineController.swift in Sources */,
				09A3F0891E76375100C82EAC /* AppointmentCell.swift in Sources */,
				09C71A231E712F1E00173E87 /* PersonModel.swift in Sources */,
				09803F0F1E84F34000155136 /* PurchaseItemModel.swift in Sources */,
				092FC52C1E791E7E004BCFF7 /* SelectedAppointmentCell.swift in Sources */,
				09C71A271E7143C100173E87 /* UserModel.swift in Sources */,
				093DBFFF1E9620F100D3AF72 /* CashierCell.swift in Sources */,
				096D5D8E1E667B8100398504 /* medical.xcdatamodeld in Sources */,
				096D5D881E667B8100398504 /* SessionsController.swift in Sources */,
				09803F071E84BD3100155136 /* PurchaseController.swift in Sources */,
				096D5D861E667B8100398504 /* AppDelegate.swift in Sources */,
				098730411E972C8A0075C709 /* SearchMedicineCell.swift in Sources */,
				0985FB641E6801FC00E45BF9 /* SessionModel.swift in Sources */,
				09AAB0FF1E839E34001B9F87 /* MedicineModel.swift in Sources */,
				093AE1A31E7241DF009A4D32 /* AppointmentModel.swift in Sources */,
				0985FB611E67EC7E00E45BF9 /* AppConfig.swift in Sources */,
			);
			runOnlyForDeploymentPostprocessing = 0;
		};
/* End PBXSourcesBuildPhase section */

/* Begin PBXVariantGroup section */
		096D5D891E667B8100398504 /* Main.storyboard */ = {
			isa = PBXVariantGroup;
			children = (
				096D5D8A1E667B8100398504 /* Base */,
			);
			name = Main.storyboard;
			sourceTree = "<group>";
		};
		096D5D911E667B8100398504 /* LaunchScreen.storyboard */ = {
			isa = PBXVariantGroup;
			children = (
				096D5D921E667B8100398504 /* Base */,
			);
			name = LaunchScreen.storyboard;
			sourceTree = "<group>";
		};
/* End PBXVariantGroup section */

/* Begin XCBuildConfiguration section */
		096D5D951E667B8100398504 /* Debug */ = {
			isa = XCBuildConfiguration;
			buildSettings = {
				ALWAYS_SEARCH_USER_PATHS = NO;
				CLANG_ANALYZER_NONNULL = YES;
				CLANG_CXX_LANGUAGE_STANDARD = "gnu++0x";
				CLANG_CXX_LIBRARY = "libc++";
				CLANG_ENABLE_MODULES = YES;
				CLANG_ENABLE_OBJC_ARC = YES;
				CLANG_WARN_BOOL_CONVERSION = YES;
				CLANG_WARN_CONSTANT_CONVERSION = YES;
				CLANG_WARN_DIRECT_OBJC_ISA_USAGE = YES_ERROR;
				CLANG_WARN_DOCUMENTATION_COMMENTS = YES;
				CLANG_WARN_EMPTY_BODY = YES;
				CLANG_WARN_ENUM_CONVERSION = YES;
				CLANG_WARN_INFINITE_RECURSION = YES;
				CLANG_WARN_INT_CONVERSION = YES;
				CLANG_WARN_OBJC_ROOT_CLASS = YES_ERROR;
				CLANG_WARN_SUSPICIOUS_MOVE = YES;
				CLANG_WARN_UNREACHABLE_CODE = YES;
				CLANG_WARN__DUPLICATE_METHOD_MATCH = YES;
				"CODE_SIGN_IDENTITY[sdk=iphoneos*]" = "iPhone Developer";
				COPY_PHASE_STRIP = NO;
				DEBUG_INFORMATION_FORMAT = dwarf;
				ENABLE_STRICT_OBJC_MSGSEND = YES;
				ENABLE_TESTABILITY = YES;
				GCC_C_LANGUAGE_STANDARD = gnu99;
				GCC_DYNAMIC_NO_PIC = NO;
				GCC_NO_COMMON_BLOCKS = YES;
				GCC_OPTIMIZATION_LEVEL = 0;
				GCC_PREPROCESSOR_DEFINITIONS = (
					"DEBUG=1",
					"$(inherited)",
				);
				GCC_WARN_64_TO_32_BIT_CONVERSION = YES;
				GCC_WARN_ABOUT_RETURN_TYPE = YES_ERROR;
				GCC_WARN_UNDECLARED_SELECTOR = YES;
				GCC_WARN_UNINITIALIZED_AUTOS = YES_AGGRESSIVE;
				GCC_WARN_UNUSED_FUNCTION = YES;
				GCC_WARN_UNUSED_VARIABLE = YES;
				IPHONEOS_DEPLOYMENT_TARGET = 10.2;
				MTL_ENABLE_DEBUG_INFO = YES;
				ONLY_ACTIVE_ARCH = YES;
				SDKROOT = iphoneos;
				SWIFT_ACTIVE_COMPILATION_CONDITIONS = DEBUG;
				SWIFT_OPTIMIZATION_LEVEL = "-Onone";
			};
			name = Debug;
		};
		096D5D961E667B8100398504 /* Release */ = {
			isa = XCBuildConfiguration;
			buildSettings = {
				ALWAYS_SEARCH_USER_PATHS = NO;
				CLANG_ANALYZER_NONNULL = YES;
				CLANG_CXX_LANGUAGE_STANDARD = "gnu++0x";
				CLANG_CXX_LIBRARY = "libc++";
				CLANG_ENABLE_MODULES = YES;
				CLANG_ENABLE_OBJC_ARC = YES;
				CLANG_WARN_BOOL_CONVERSION = YES;
				CLANG_WARN_CONSTANT_CONVERSION = YES;
				CLANG_WARN_DIRECT_OBJC_ISA_USAGE = YES_ERROR;
				CLANG_WARN_DOCUMENTATION_COMMENTS = YES;
				CLANG_WARN_EMPTY_BODY = YES;
				CLANG_WARN_ENUM_CONVERSION = YES;
				CLANG_WARN_INFINITE_RECURSION = YES;
				CLANG_WARN_INT_CONVERSION = YES;
				CLANG_WARN_OBJC_ROOT_CLASS = YES_ERROR;
				CLANG_WARN_SUSPICIOUS_MOVE = YES;
				CLANG_WARN_UNREACHABLE_CODE = YES;
				CLANG_WARN__DUPLICATE_METHOD_MATCH = YES;
				"CODE_SIGN_IDENTITY[sdk=iphoneos*]" = "iPhone Developer";
				COPY_PHASE_STRIP = NO;
				DEBUG_INFORMATION_FORMAT = "dwarf-with-dsym";
				ENABLE_NS_ASSERTIONS = NO;
				ENABLE_STRICT_OBJC_MSGSEND = YES;
				GCC_C_LANGUAGE_STANDARD = gnu99;
				GCC_NO_COMMON_BLOCKS = YES;
				GCC_WARN_64_TO_32_BIT_CONVERSION = YES;
				GCC_WARN_ABOUT_RETURN_TYPE = YES_ERROR;
				GCC_WARN_UNDECLARED_SELECTOR = YES;
				GCC_WARN_UNINITIALIZED_AUTOS = YES_AGGRESSIVE;
				GCC_WARN_UNUSED_FUNCTION = YES;
				GCC_WARN_UNUSED_VARIABLE = YES;
				IPHONEOS_DEPLOYMENT_TARGET = 10.2;
				MTL_ENABLE_DEBUG_INFO = NO;
				SDKROOT = iphoneos;
				SWIFT_OPTIMIZATION_LEVEL = "-Owholemodule";
				VALIDATE_PRODUCT = YES;
			};
			name = Release;
		};
		096D5D981E667B8100398504 /* Debug */ = {
			isa = XCBuildConfiguration;
			baseConfigurationReference = D9706B9928A964B07B4E1BC1 /* Pods-medical.debug.xcconfig */;
			buildSettings = {
				ASSETCATALOG_COMPILER_APPICON_NAME = AppIcon;
				INFOPLIST_FILE = medical/Info.plist;
				LD_RUNPATH_SEARCH_PATHS = "$(inherited) @executable_path/Frameworks";
				PRODUCT_BUNDLE_IDENTIFIER = luay.mitrais.medical;
				PRODUCT_NAME = "$(TARGET_NAME)";
				SWIFT_VERSION = 3.0;
			};
			name = Debug;
		};
		096D5D991E667B8100398504 /* Release */ = {
			isa = XCBuildConfiguration;
			baseConfigurationReference = F9822DDC13E5C3F0F5C36138 /* Pods-medical.release.xcconfig */;
			buildSettings = {
				ASSETCATALOG_COMPILER_APPICON_NAME = AppIcon;
				INFOPLIST_FILE = medical/Info.plist;
				LD_RUNPATH_SEARCH_PATHS = "$(inherited) @executable_path/Frameworks";
				PRODUCT_BUNDLE_IDENTIFIER = luay.mitrais.medical;
				PRODUCT_NAME = "$(TARGET_NAME)";
				SWIFT_VERSION = 3.0;
			};
			name = Release;
		};
/* End XCBuildConfiguration section */

/* Begin XCConfigurationList section */
		096D5D7D1E667B8100398504 /* Build configuration list for PBXProject "medical" */ = {
			isa = XCConfigurationList;
			buildConfigurations = (
				096D5D951E667B8100398504 /* Debug */,
				096D5D961E667B8100398504 /* Release */,
			);
			defaultConfigurationIsVisible = 0;
			defaultConfigurationName = Release;
		};
		096D5D971E667B8100398504 /* Build configuration list for PBXNativeTarget "medical" */ = {
			isa = XCConfigurationList;
			buildConfigurations = (
				096D5D981E667B8100398504 /* Debug */,
				096D5D991E667B8100398504 /* Release */,
			);
			defaultConfigurationIsVisible = 0;
			defaultConfigurationName = Release;
		};
/* End XCConfigurationList section */

/* Begin XCVersionGroup section */
		096D5D8C1E667B8100398504 /* medical.xcdatamodeld */ = {
			isa = XCVersionGroup;
			children = (
				096D5D8D1E667B8100398504 /* medical.xcdatamodel */,
			);
			currentVersion = 096D5D8D1E667B8100398504 /* medical.xcdatamodel */;
			path = medical.xcdatamodeld;
			sourceTree = "<group>";
			versionGroupType = wrapper.xcdatamodel;
		};
/* End XCVersionGroup section */
	};
	rootObject = 096D5D7A1E667B8100398504 /* Project object */;
}
